// !$*UTF8*$!
{
	archiveVersion = 1;
	classes = {
	};
	objectVersion = 50;
	objects = {

/* Begin PBXBuildFile section */
		D003573621B0E5E600E6061F /* AppDelegate.swift in Sources */ = {isa = PBXBuildFile; fileRef = D003573521B0E5E600E6061F /* AppDelegate.swift */; };
		D003573821B0E5E600E6061F /* ViewController.swift in Sources */ = {isa = PBXBuildFile; fileRef = D003573721B0E5E600E6061F /* ViewController.swift */; };
		D003573B21B0E5E600E6061F /* Main.storyboard in Resources */ = {isa = PBXBuildFile; fileRef = D003573921B0E5E600E6061F /* Main.storyboard */; };
		D003573D21B0E5E700E6061F /* Assets.xcassets in Resources */ = {isa = PBXBuildFile; fileRef = D003573C21B0E5E700E6061F /* Assets.xcassets */; };
		D003574021B0E5E700E6061F /* LaunchScreen.storyboard in Resources */ = {isa = PBXBuildFile; fileRef = D003573E21B0E5E700E6061F /* LaunchScreen.storyboard */; };
		D003574921B0E5F800E6061F /* JYViewPager.swift in Sources */ = {isa = PBXBuildFile; fileRef = D003574821B0E5F800E6061F /* JYViewPager.swift */; };
/* End PBXBuildFile section */

/* Begin PBXFileReference section */
		D003573221B0E5E600E6061F /* JYViewPager.app */ = {isa = PBXFileReference; explicitFileType = wrapper.application; includeInIndex = 0; path = JYViewPager.app; sourceTree = BUILT_PRODUCTS_DIR; };
		D003573521B0E5E600E6061F /* AppDelegate.swift */ = {isa = PBXFileReference; lastKnownFileType = sourcecode.swift; path = AppDelegate.swift; sourceTree = "<group>"; };
		D003573721B0E5E600E6061F /* ViewController.swift */ = {isa = PBXFileReference; lastKnownFileType = sourcecode.swift; path = ViewController.swift; sourceTree = "<group>"; };
		D003573A21B0E5E600E6061F /* Base */ = {isa = PBXFileReference; lastKnownFileType = file.storyboard; name = Base; path = Base.lproj/Main.storyboard; sourceTree = "<group>"; };
		D003573C21B0E5E700E6061F /* Assets.xcassets */ = {isa = PBXFileReference; lastKnownFileType = folder.assetcatalog; path = Assets.xcassets; sourceTree = "<group>"; };
		D003573F21B0E5E700E6061F /* Base */ = {isa = PBXFileReference; lastKnownFileType = file.storyboard; name = Base; path = Base.lproj/LaunchScreen.storyboard; sourceTree = "<group>"; };
		D003574121B0E5E700E6061F /* Info.plist */ = {isa = PBXFileReference; lastKnownFileType = text.plist.xml; path = Info.plist; sourceTree = "<group>"; };
		D003574821B0E5F800E6061F /* JYViewPager.swift */ = {isa = PBXFileReference; lastKnownFileType = sourcecode.swift; path = JYViewPager.swift; sourceTree = "<group>"; };
/* End PBXFileReference section */

/* Begin PBXFrameworksBuildPhase section */
		D003572F21B0E5E600E6061F /* Frameworks */ = {
			isa = PBXFrameworksBuildPhase;
			buildActionMask = 2147483647;
			files = (
			);
			runOnlyForDeploymentPostprocessing = 0;
		};
/* End PBXFrameworksBuildPhase section */

/* Begin PBXGroup section */
		D003572921B0E5E600E6061F = {
			isa = PBXGroup;
			children = (
				D003573421B0E5E600E6061F /* JYViewPager */,
				D003573321B0E5E600E6061F /* Products */,
			);
			sourceTree = "<group>";
		};
		D003573321B0E5E600E6061F /* Products */ = {
			isa = PBXGroup;
			children = (
				D003573221B0E5E600E6061F /* JYViewPager.app */,
			);
			name = Products;
			sourceTree = "<group>";
		};
		D003573421B0E5E600E6061F /* JYViewPager */ = {
			isa = PBXGroup;
			children = (
				D003574721B0E5EB00E6061F /* Source */,
				D003573521B0E5E600E6061F /* AppDelegate.swift */,
				D003573721B0E5E600E6061F /* ViewController.swift */,
				D003573921B0E5E600E6061F /* Main.storyboard */,
				D003573C21B0E5E700E6061F /* Assets.xcassets */,
				D003573E21B0E5E700E6061F /* LaunchScreen.storyboard */,
				D003574121B0E5E700E6061F /* Info.plist */,
			);
			path = JYViewPager;
			sourceTree = "<group>";
		};
		D003574721B0E5EB00E6061F /* Source */ = {
			isa = PBXGroup;
			children = (
				D003574821B0E5F800E6061F /* JYViewPager.swift */,
			);
			path = Source;
			sourceTree = "<group>";
		};
/* End PBXGroup section */

/* Begin PBXNativeTarget section */
		D003573121B0E5E600E6061F /* JYViewPager */ = {
			isa = PBXNativeTarget;
			buildConfigurationList = D003574421B0E5E700E6061F /* Build configuration list for PBXNativeTarget "JYViewPager" */;
			buildPhases = (
				D003572E21B0E5E600E6061F /* Sources */,
				D003572F21B0E5E600E6061F /* Frameworks */,
				D003573021B0E5E600E6061F /* Resources */,
			);
			buildRules = (
			);
			dependencies = (
			);
			name = JYViewPager;
			productName = JYViewPager;
			productReference = D003573221B0E5E600E6061F /* JYViewPager.app */;
			productType = "com.apple.product-type.application";
		};
/* End PBXNativeTarget section */

/* Begin PBXProject section */
		D003572A21B0E5E600E6061F /* Project object */ = {
			isa = PBXProject;
			attributes = {
				LastSwiftUpdateCheck = 1010;
				LastUpgradeCheck = 1010;
				ORGANIZATIONNAME = JerryYou;
				TargetAttributes = {
					D003573121B0E5E600E6061F = {
						CreatedOnToolsVersion = 10.1;
					};
				};
			};
			buildConfigurationList = D003572D21B0E5E600E6061F /* Build configuration list for PBXProject "JYViewPager" */;
			compatibilityVersion = "Xcode 9.3";
			developmentRegion = en;
			hasScannedForEncodings = 0;
			knownRegions = (
				en,
				Base,
			);
			mainGroup = D003572921B0E5E600E6061F;
			productRefGroup = D003573321B0E5E600E6061F /* Products */;
			projectDirPath = "";
			projectRoot = "";
			targets = (
				D003573121B0E5E600E6061F /* JYViewPager */,
			);
		};
/* End PBXProject section */

/* Begin PBXResourcesBuildPhase section */
		D003573021B0E5E600E6061F /* Resources */ = {
			isa = PBXResourcesBuildPhase;
			buildActionMask = 2147483647;
			files = (
				D003574021B0E5E700E6061F /* LaunchScreen.storyboard in Resources */,
				D003573D21B0E5E700E6061F /* Assets.xcassets in Resources */,
				D003573B21B0E5E600E6061F /* Main.storyboard in Resources */,
			);
			runOnlyForDeploymentPostprocessing = 0;
		};
/* End PBXResourcesBuildPhase section */

/* Begin PBXSourcesBuildPhase section */
		D003572E21B0E5E600E6061F /* Sources */ = {
			isa = PBXSourcesBuildPhase;
			buildActionMask = 2147483647;
			files = (
				D003574921B0E5F800E6061F /* JYViewPager.swift in Sources */,
				D003573821B0E5E600E6061F /* ViewController.swift in Sources */,
				D003573621B0E5E600E6061F /* AppDelegate.swift in Sources */,
			);
			runOnlyForDeploymentPostprocessing = 0;
		};
/* End PBXSourcesBuildPhase section */

/* Begin PBXVariantGroup section */
		D003573921B0E5E600E6061F /* Main.storyboard */ = {
			isa = PBXVariantGroup;
			children = (
				D003573A21B0E5E600E6061F /* Base */,
			);
			name = Main.storyboard;
			sourceTree = "<group>";
		};
		D003573E21B0E5E700E6061F /* LaunchScreen.storyboard */ = {
			isa = PBXVariantGroup;
			children = (
				D003573F21B0E5E700E6061F /* Base */,
			);
			name = LaunchScreen.storyboard;
			sourceTree = "<group>";
		};
/* End PBXVariantGroup section */

/* Begin XCBuildConfiguration section */
		D003574221B0E5E700E6061F /* Debug */ = {
			isa = XCBuildConfiguration;
			buildSettings = {
				ALWAYS_SEARCH_USER_PATHS = NO;
				CLANG_ANALYZER_NONNULL = YES;
				CLANG_ANALYZER_NUMBER_OBJECT_CONVERSION = YES_AGGRESSIVE;
				CLANG_CXX_LANGUAGE_STANDARD = "gnu++14";
				CLANG_CXX_LIBRARY = "libc++";
				CLANG_ENABLE_MODULES = YES;
				CLANG_ENABLE_OBJC_ARC = YES;
				CLANG_ENABLE_OBJC_WEAK = YES;
				CLANG_WARN_BLOCK_CAPTURE_AUTORELEASING = YES;
				CLANG_WARN_BOOL_CONVERSION = YES;
				CLANG_WARN_COMMA = YES;
				CLANG_WARN_CONSTANT_CONVERSION = YES;
				CLANG_WARN_DEPRECATED_OBJC_IMPLEMENTATIONS = YES;
				CLANG_WARN_DIRECT_OBJC_ISA_USAGE = YES_ERROR;
				CLANG_WARN_DOCUMENTATION_COMMENTS = YES;
				CLANG_WARN_EMPTY_BODY = YES;
				CLANG_WARN_ENUM_CONVERSION = YES;
				CLANG_WARN_INFINITE_RECURSION = YES;
				CLANG_WARN_INT_CONVERSION = YES;
				CLANG_WARN_NON_LITERAL_NULL_CONVERSION = YES;
				CLANG_WARN_OBJC_IMPLICIT_RETAIN_SELF = YES;
				CLANG_WARN_OBJC_LITERAL_CONVERSION = YES;
				CLANG_WARN_OBJC_ROOT_CLASS = YES_ERROR;
				CLANG_WARN_RANGE_LOOP_ANALYSIS = YES;
				CLANG_WARN_STRICT_PROTOTYPES = YES;
				CLANG_WARN_SUSPICIOUS_MOVE = YES;
				CLANG_WARN_UNGUARDED_AVAILABILITY = YES_AGGRESSIVE;
				CLANG_WARN_UNREACHABLE_CODE = YES;
				CLANG_WARN__DUPLICATE_METHOD_MATCH = YES;
				CODE_SIGN_IDENTITY = "iPhone Developer";
				COPY_PHASE_STRIP = NO;
				DEBUG_INFORMATION_FORMAT = dwarf;
				ENABLE_STRICT_OBJC_MSGSEND = YES;
				ENABLE_TESTABILITY = YES;
				GCC_C_LANGUAGE_STANDARD = gnu11;
				GCC_DYNAMIC_NO_PIC = NO;
				GCC_NO_COMMON_BLOCKS = YES;
				GCC_OPTIMIZATION_LEVEL = 0;
				GCC_PREPROCESSOR_DEFINITIONS = (
					"DEBUG=1",
					"$(inherited)",
				);
				GCC_WARN_64_TO_32_BIT_CONVERSION = YES;
				GCC_WARN_ABOUT_RETURN_TYPE = YES_ERROR;
				GCC_WARN_UNDECLARED_SELECTOR = YES;
				GCC_WARN_UNINITIALIZED_AUTOS = YES_AGGRESSIVE;
				GCC_WARN_UNUSED_FUNCTION = YES;
				GCC_WARN_UNUSED_VARIABLE = YES;
				IPHONEOS_DEPLOYMENT_TARGET = 12.1;
				MTL_ENABLE_DEBUG_INFO = INCLUDE_SOURCE;
				MTL_FAST_MATH = YES;
				ONLY_ACTIVE_ARCH = YES;
				SDKROOT = iphoneos;
				SWIFT_ACTIVE_COMPILATION_CONDITIONS = DEBUG;
				SWIFT_OPTIMIZATION_LEVEL = "-Onone";
			};
			name = Debug;
		};
		D003574321B0E5E700E6061F /* Release */ = {
			isa = XCBuildConfiguration;
			buildSettings = {
				ALWAYS_SEARCH_USER_PATHS = NO;
				CLANG_ANALYZER_NONNULL = YES;
				CLANG_ANALYZER_NUMBER_OBJECT_CONVERSION = YES_AGGRESSIVE;
				CLANG_CXX_LANGUAGE_STANDARD = "gnu++14";
				CLANG_CXX_LIBRARY = "libc++";
				CLANG_ENABLE_MODULES = YES;
				CLANG_ENABLE_OBJC_ARC = YES;
				CLANG_ENABLE_OBJC_WEAK = YES;
				CLANG_WARN_BLOCK_CAPTURE_AUTORELEASING = YES;
				CLANG_WARN_BOOL_CONVERSION = YES;
				CLANG_WARN_COMMA = YES;
				CLANG_WARN_CONSTANT_CONVERSION = YES;
				CLANG_WARN_DEPRECATED_OBJC_IMPLEMENTATIONS = YES;
				CLANG_WARN_DIRECT_OBJC_ISA_USAGE = YES_ERROR;
				CLANG_WARN_DOCUMENTATION_COMMENTS = YES;
				CLANG_WARN_EMPTY_BODY = YES;
				CLANG_WARN_ENUM_CONVERSION = YES;
				CLANG_WARN_INFINITE_RECURSION = YES;
				CLANG_WARN_INT_CONVERSION = YES;
				CLANG_WARN_NON_LITERAL_NULL_CONVERSION = YES;
				CLANG_WARN_OBJC_IMPLICIT_RETAIN_SELF = YES;
				CLANG_WARN_OBJC_LITERAL_CONVERSION = YES;
				CLANG_WARN_OBJC_ROOT_CLASS = YES_ERROR;
				CLANG_WARN_RANGE_LOOP_ANALYSIS = YES;
				CLANG_WARN_STRICT_PROTOTYPES = YES;
				CLANG_WARN_SUSPICIOUS_MOVE = YES;
				CLANG_WARN_UNGUARDED_AVAILABILITY = YES_AGGRESSIVE;
				CLANG_WARN_UNREACHABLE_CODE = YES;
				CLANG_WARN__DUPLICATE_METHOD_MATCH = YES;
				CODE_SIGN_IDENTITY = "iPhone Developer";
				COPY_PHASE_STRIP = NO;
				DEBUG_INFORMATION_FORMAT = "dwarf-with-dsym";
				ENABLE_NS_ASSERTIONS = NO;
				ENABLE_STRICT_OBJC_MSGSEND = YES;
				GCC_C_LANGUAGE_STANDARD = gnu11;
				GCC_NO_COMMON_BLOCKS = YES;
				GCC_WARN_64_TO_32_BIT_CONVERSION = YES;
				GCC_WARN_ABOUT_RETURN_TYPE = YES_ERROR;
				GCC_WARN_UNDECLARED_SELECTOR = YES;
				GCC_WARN_UNINITIALIZED_AUTOS = YES_AGGRESSIVE;
				GCC_WARN_UNUSED_FUNCTION = YES;
				GCC_WARN_UNUSED_VARIABLE = YES;
				IPHONEOS_DEPLOYMENT_TARGET = 12.1;
				MTL_ENABLE_DEBUG_INFO = NO;
				MTL_FAST_MATH = YES;
				SDKROOT = iphoneos;
				SWIFT_COMPILATION_MODE = wholemodule;
				SWIFT_OPTIMIZATION_LEVEL = "-O";
				VALIDATE_PRODUCT = YES;
			};
			name = Release;
		};
		D003574521B0E5E700E6061F /* Debug */ = {
			isa = XCBuildConfiguration;
			buildSettings = {
				ASSETCATALOG_COMPILER_APPICON_NAME = AppIcon;
				CODE_SIGN_STYLE = Automatic;
				INFOPLIST_FILE = JYViewPager/Info.plist;
				LD_RUNPATH_SEARCH_PATHS = (
					"$(inherited)",
					"@executable_path/Frameworks",
				);
				PRODUCT_BUNDLE_IDENTIFIER = JerryYou.JYViewPager;
				PRODUCT_NAME = "$(TARGET_NAME)";
				SWIFT_VERSION = 4.2;
				TARGETED_DEVICE_FAMILY = "1,2";
			};
			name = Debug;
		};
		D003574621B0E5E700E6061F /* Release */ = {
			isa = XCBuildConfiguration;
			buildSettings = {
				ASSETCATALOG_COMPILER_APPICON_NAME = AppIcon;
				CODE_SIGN_STYLE = Automatic;
				INFOPLIST_FILE = JYViewPager/Info.plist;
				LD_RUNPATH_SEARCH_PATHS = (
					"$(inherited)",
					"@executable_path/Frameworks",
				);
				PRODUCT_BUNDLE_IDENTIFIER = JerryYou.JYViewPager;
				PRODUCT_NAME = "$(TARGET_NAME)";
				SWIFT_VERSION = 4.2;
				TARGETED_DEVICE_FAMILY = "1,2";
			};
			name = Release;
		};
/* End XCBuildConfiguration section */

/* Begin XCConfigurationList section */
		D003572D21B0E5E600E6061F /* Build configuration list for PBXProject "JYViewPager" */ = {
			isa = XCConfigurationList;
			buildConfigurations = (
				D003574221B0E5E700E6061F /* Debug */,
				D003574321B0E5E700E6061F /* Release */,
			);
			defaultConfigurationIsVisible = 0;
			defaultConfigurationName = Release;
		};
		D003574421B0E5E700E6061F /* Build configuration list for PBXNativeTarget "JYViewPager" */ = {
			isa = XCConfigurationList;
			buildConfigurations = (
				D003574521B0E5E700E6061F /* Debug */,
				D003574621B0E5E700E6061F /* Release */,
			);
			defaultConfigurationIsVisible = 0;
			defaultConfigurationName = Release;
		};
/* End XCConfigurationList section */
	};
	rootObject = D003572A21B0E5E600E6061F /* Project object */;
}
